Microsoft Visual Studio Solution File, Format Version 12.00
# Visual Studio Version 17
VisualStudioVersion = 17.5.2.0
MinimumVisualStudioVersion = 10.0.40219.1
Project("{FAE04EC0-301F-11D3-BF4B-00C04F79EFBC}") = "Windows", "Windows\Windows.csproj", "{7A063AA8-EF9F-C0F2-CE6E-8409894ED93E}"
EndProject
Global
	GlobalSection(SolutionConfigurationPlatforms) = preSolution
		Debug|Any CPU = Debug|Any CPU
		Release|Any CPU = Release|Any CPU
	EndGlobalSection
	GlobalSection(ProjectConfigurationPlatforms) = postSolution
		{7A063AA8-EF9F-C0F2-CE6E-8409894ED93E}.Debug|Any CPU.ActiveCfg = Debug|Any CPU
		{7A063AA8-EF9F-C0F2-CE6E-8409894ED93E}.Debug|Any CPU.Build.0 = Debug|Any CPU
		{7A063AA8-EF9F-C0F2-CE6E-8409894ED93E}.Release|Any CPU.ActiveCfg = Release|Any CPU
		{7A063AA8-EF9F-C0F2-CE6E-8409894ED93E}.Release|Any CPU.Build.0 = Release|Any CPU
	EndGlobalSection
	GlobalSection(SolutionProperties) = preSolution
		HideSolutionNode = FALSE
	EndGlobalSection
	GlobalSection(ExtensibilityGlobals) = postSolution
		SolutionGuid = {BB4C7DDE-A513-4586-BC83-B3BA9D40461B}
	EndGlobalSection
EndGlobal
